
Microsoft Visual Studio Solution File, Format Version 12.00
# Visual Studio Version 17
VisualStudioVersion = 17.9.34728.123
MinimumVisualStudioVersion = 10.0.40219.1
Project("{8BC9CEB8-8B4A-11D0-8D11-00A0C91BC942}") = "UVWFrame", "UVWFrame.vcxproj", "{9A486883-E3CD-48B6-81F1-6D4BD5907F0A}"
EndProject
Global
	GlobalSection(SolutionConfigurationPlatforms) = preSolution
		Hybrid - Max2025|x64 = Hybrid - Max2025|x64
		Release - Max2017|x64 = Release - Max2017|x64
		Release - Max2018|x64 = Release - Max2018|x64
		Release - Max2019|x64 = Release - Max2019|x64
		Release - Max2020|x64 = Release - Max2020|x64
		Release - Max2021|x64 = Release - Max2021|x64
		Release - Max2022|x64 = Release - Max2022|x64
		Release - Max2023|x64 = Release - Max2023|x64
		Release - Max2024|x64 = Release - Max2024|x64
		Release - Max2025|x64 = Release - Max2025|x64
		Release - Max2026|x64 = Release - Max2026|x64
	EndGlobalSection
	GlobalSection(ProjectConfigurationPlatforms) = postSolution
		{9A486883-E3CD-48B6-81F1-6D4BD5907F0A}.Hybrid - Max2025|x64.ActiveCfg = Hybrid - Max2025|x64
		{9A486883-E3CD-48B6-81F1-6D4BD5907F0A}.Hybrid - Max2025|x64.Build.0 = Hybrid - Max2025|x64
		{9A486883-E3CD-48B6-81F1-6D4BD5907F0A}.Release - Max2017|x64.ActiveCfg = Release - Max2017|x64
		{9A486883-E3CD-48B6-81F1-6D4BD5907F0A}.Release - Max2017|x64.Build.0 = Release - Max2017|x64
		{9A486883-E3CD-48B6-81F1-6D4BD5907F0A}.Release - Max2018|x64.ActiveCfg = Release - Max2018|x64
		{9A486883-E3CD-48B6-81F1-6D4BD5907F0A}.Release - Max2018|x64.Build.0 = Release - Max2018|x64
		{9A486883-E3CD-48B6-81F1-6D4BD5907F0A}.Release - Max2019|x64.ActiveCfg = Release - Max2019|x64
		{9A486883-E3CD-48B6-81F1-6D4BD5907F0A}.Release - Max2019|x64.Build.0 = Release - Max2019|x64
		{9A486883-E3CD-48B6-81F1-6D4BD5907F0A}.Release - Max2020|x64.ActiveCfg = Release - Max2020|x64
		{9A486883-E3CD-48B6-81F1-6D4BD5907F0A}.Release - Max2020|x64.Build.0 = Release - Max2020|x64
		{9A486883-E3CD-48B6-81F1-6D4BD5907F0A}.Release - Max2021|x64.ActiveCfg = Release - Max2021|x64
		{9A486883-E3CD-48B6-81F1-6D4BD5907F0A}.Release - Max2021|x64.Build.0 = Release - Max2021|x64
		{9A486883-E3CD-48B6-81F1-6D4BD5907F0A}.Release - Max2022|x64.ActiveCfg = Release - Max2022|x64
		{9A486883-E3CD-48B6-81F1-6D4BD5907F0A}.Release - Max2022|x64.Build.0 = Release - Max2022|x64
		{9A486883-E3CD-48B6-81F1-6D4BD5907F0A}.Release - Max2023|x64.ActiveCfg = Release - Max2023|x64
		{9A486883-E3CD-48B6-81F1-6D4BD5907F0A}.Release - Max2023|x64.Build.0 = Release - Max2023|x64
		{9A486883-E3CD-48B6-81F1-6D4BD5907F0A}.Release - Max2024|x64.ActiveCfg = Release - Max2024|x64
		{9A486883-E3CD-48B6-81F1-6D4BD5907F0A}.Release - Max2024|x64.Build.0 = Release - Max2024|x64
		{9A486883-E3CD-48B6-81F1-6D4BD5907F0A}.Release - Max2025|x64.ActiveCfg = Release - Max2025|x64
		{9A486883-E3CD-48B6-81F1-6D4BD5907F0A}.Release - Max2025|x64.Build.0 = Release - Max2025|x64
		{9A486883-E3CD-48B6-81F1-6D4BD5907F0A}.Release - Max2026|x64.ActiveCfg = Release - Max2026|x64
		{9A486883-E3CD-48B6-81F1-6D4BD5907F0A}.Release - Max2026|x64.Build.0 = Release - Max2026|x64
	EndGlobalSection
	GlobalSection(SolutionProperties) = preSolution
		HideSolutionNode = FALSE
	EndGlobalSection
	GlobalSection(ExtensibilityGlobals) = postSolution
		SolutionGuid = {8ADD3659-499E-4755-B571-3127CA1B0BBE}
	EndGlobalSection
EndGlobal
